Microsoft Visual Studio Solution File, Format Version 12.00
# Visual Studio Version 17
VisualStudioVersion = 17.5.2.0
MinimumVisualStudioVersion = 10.0.40219.1
Project("{FAE04EC0-301F-11D3-BF4B-00C04F79EFBC}") = "AutomationTests", "AutomationTests\AutomationTests.csproj", "{EB0A0E44-E3E2-BC7A-8440-4218CCFFB1E7}"
EndProject
Global
	GlobalSection(SolutionConfigurationPlatforms) = preSolution
		Debug|Any CPU = Debug|Any CPU
		Release|Any CPU = Release|Any CPU
	EndGlobalSection
	GlobalSection(ProjectConfigurationPlatforms) = postSolution
		{EB0A0E44-E3E2-BC7A-8440-4218CCFFB1E7}.Debug|Any CPU.ActiveCfg = Debug|Any CPU
		{EB0A0E44-E3E2-BC7A-8440-4218CCFFB1E7}.Debug|Any CPU.Build.0 = Debug|Any CPU
		{EB0A0E44-E3E2-BC7A-8440-4218CCFFB1E7}.Release|Any CPU.ActiveCfg = Release|Any CPU
		{EB0A0E44-E3E2-BC7A-8440-4218CCFFB1E7}.Release|Any CPU.Build.0 = Release|Any CPU
	EndGlobalSection
	GlobalSection(SolutionProperties) = preSolution
		HideSolutionNode = FALSE
	EndGlobalSection
	GlobalSection(ExtensibilityGlobals) = postSolution
		SolutionGuid = {85C61016-CA34-4CBF-AB39-FABECE7C6E93}
	EndGlobalSection
EndGlobal
